
Microsoft Visual Studio Solution File, Format Version 12.00
# Visual Studio Version 17
VisualStudioVersion = 17.0.31903.59
MinimumVisualStudioVersion = 10.0.40219.1
Project("{9A19103F-16F7-4668-BE54-9A1E7A4F7556}") = "KeelMatrix.QueryWatch", "src\KeelMatrix.QueryWatch\KeelMatrix.QueryWatch.csproj", "{11111111-1111-1111-1111-111111111111}"
EndProject
Project("{9A19103F-16F7-4668-BE54-9A1E7A4F7556}") = "KeelMatrix.QueryWatch.Tests", "tests\KeelMatrix.QueryWatch.Tests\KeelMatrix.QueryWatch.Tests.csproj", "{22222222-2222-2222-2222-222222222222}"
EndProject
Project("{9A19103F-16F7-4668-BE54-9A1E7A4F7556}") = "KeelMatrix.QueryWatch.Cli", "tools\KeelMatrix.QueryWatch.Cli\KeelMatrix.QueryWatch.Cli.csproj", "{33333333-3333-3333-3333-333333333333}"
EndProject
Project("{2150E333-8FDC-42A3-9474-1A3956D46DE8}") = "tests", "tests", "{0AB3BF05-4346-4AA6-1389-037BE0695223}"
EndProject
Project("{FAE04EC0-301F-11D3-BF4B-00C04F79EFBC}") = "KeelMatrix.QueryWatch.Cli.IntegrationTests", "tests\KeelMatrix.QueryWatch.Cli.IntegrationTests\KeelMatrix.QueryWatch.Cli.IntegrationTests.csproj", "{6C634932-3630-40A5-AA4A-68518D852177}"
EndProject
Project("{2150E333-8FDC-42A3-9474-1A3956D46DE8}") = "src", "src", "{02EA681E-C7D8-13C7-8484-4AC65E1B71E8}"
EndProject
Project("{2150E333-8FDC-42A3-9474-1A3956D46DE8}") = "tools", "tools", "{EB5C44D7-E36D-429D-A6FA-7898FF08F6F4}"
EndProject
Project("{9A19103F-16F7-4668-BE54-9A1E7A4F7556}") = "KeelMatrix.QueryWatch.EfCore", "src\KeelMatrix.QueryWatch.EfCore\KeelMatrix.QueryWatch.EfCore.csproj", "{44444444-4444-4444-4444-444444444444}"
EndProject
Project("{FAE04EC0-301F-11D3-BF4B-00C04F79EFBC}") = "KeelMatrix.QueryWatch.EfCore.Tests", "tests\KeelMatrix.QueryWatch.EfCore.Tests\KeelMatrix.QueryWatch.EfCore.Tests.csproj", "{80B72645-E2D3-4701-8DD2-D011549685EC}"
EndProject
Project("{FAE04EC0-301F-11D3-BF4B-00C04F79EFBC}") = "KeelMatrix.QueryWatch.Contracts", "src\KeelMatrix.QueryWatch.Contracts\KeelMatrix.QueryWatch.Contracts.csproj", "{D85E1811-E38E-461B-B817-D445B9F4B11F}"
EndProject
Project("{FAE04EC0-301F-11D3-BF4B-00C04F79EFBC}") = "KeelMatrix.QueryWatch.Redaction", "src\KeelMatrix.QueryWatch.Redaction\KeelMatrix.QueryWatch.Redaction.csproj", "{5BE6CC64-5276-4832-ADB1-AD0D334D26D1}"
EndProject
Project("{2150E333-8FDC-42A3-9474-1A3956D46DE8}") = "bench", "bench", "{760AB15A-8938-8D9B-BEDE-5CE1484B84C3}"
EndProject
Project("{FAE04EC0-301F-11D3-BF4B-00C04F79EFBC}") = "KeelMatrix.QueryWatch.Redaction.Benchmarks", "bench\KeelMatrix.QueryWatch.Redaction.Benchmarks\KeelMatrix.QueryWatch.Redaction.Benchmarks.csproj", "{FE18583F-2A73-43C3-9EAF-94CA8292F5B8}"
EndProject
Project("{FAE04EC0-301F-11D3-BF4B-00C04F79EFBC}") = "KeelMatrix.QueryWatch.Benchmarks", "bench\KeelMatrix.QueryWatch.Benchmarks\KeelMatrix.QueryWatch.Benchmarks.csproj", "{F483136B-5F73-44F1-8BA3-718B200B258A}"
EndProject
Global
	GlobalSection(SolutionConfigurationPlatforms) = preSolution
		Debug|Any CPU = Debug|Any CPU
		Debug|x64 = Debug|x64
		Debug|x86 = Debug|x86
		Release|Any CPU = Release|Any CPU
		Release|x64 = Release|x64
		Release|x86 = Release|x86
	EndGlobalSection
	GlobalSection(ProjectConfigurationPlatforms) = postSolution
		{11111111-1111-1111-1111-111111111111}.Debug|Any CPU.ActiveCfg = Debug|Any CPU
		{11111111-1111-1111-1111-111111111111}.Debug|Any CPU.Build.0 = Debug|Any CPU
		{11111111-1111-1111-1111-111111111111}.Debug|x64.ActiveCfg = Debug|Any CPU
		{11111111-1111-1111-1111-111111111111}.Debug|x64.Build.0 = Debug|Any CPU
		{11111111-1111-1111-1111-111111111111}.Debug|x86.ActiveCfg = Debug|Any CPU
		{11111111-1111-1111-1111-111111111111}.Debug|x86.Build.0 = Debug|Any CPU
		{11111111-1111-1111-1111-111111111111}.Release|Any CPU.ActiveCfg = Release|Any CPU
		{11111111-1111-1111-1111-111111111111}.Release|Any CPU.Build.0 = Release|Any CPU
		{11111111-1111-1111-1111-111111111111}.Release|x64.ActiveCfg = Release|Any CPU
		{11111111-1111-1111-1111-111111111111}.Release|x64.Build.0 = Release|Any CPU
		{11111111-1111-1111-1111-111111111111}.Release|x86.ActiveCfg = Release|Any CPU
		{11111111-1111-1111-1111-111111111111}.Release|x86.Build.0 = Release|Any CPU
		{22222222-2222-2222-2222-222222222222}.Debug|Any CPU.ActiveCfg = Debug|Any CPU
		{22222222-2222-2222-2222-222222222222}.Debug|Any CPU.Build.0 = Debug|Any CPU
		{22222222-2222-2222-2222-222222222222}.Debug|x64.ActiveCfg = Debug|Any CPU
		{22222222-2222-2222-2222-222222222222}.Debug|x64.Build.0 = Debug|Any CPU
		{22222222-2222-2222-2222-222222222222}.Debug|x86.ActiveCfg = Debug|Any CPU
		{22222222-2222-2222-2222-222222222222}.Debug|x86.Build.0 = Debug|Any CPU
		{22222222-2222-2222-2222-222222222222}.Release|Any CPU.ActiveCfg = Release|Any CPU
		{22222222-2222-2222-2222-222222222222}.Release|Any CPU.Build.0 = Release|Any CPU
		{22222222-2222-2222-2222-222222222222}.Release|x64.ActiveCfg = Release|Any CPU
		{22222222-2222-2222-2222-222222222222}.Release|x64.Build.0 = Release|Any CPU
		{22222222-2222-2222-2222-222222222222}.Release|x86.ActiveCfg = Release|Any CPU
		{22222222-2222-2222-2222-222222222222}.Release|x86.Build.0 = Release|Any CPU
		{33333333-3333-3333-3333-333333333333}.Debug|Any CPU.ActiveCfg = Debug|Any CPU
		{33333333-3333-3333-3333-333333333333}.Debug|Any CPU.Build.0 = Debug|Any CPU
		{33333333-3333-3333-3333-333333333333}.Debug|x64.ActiveCfg = Debug|Any CPU
		{33333333-3333-3333-3333-333333333333}.Debug|x64.Build.0 = Debug|Any CPU
		{33333333-3333-3333-3333-333333333333}.Debug|x86.ActiveCfg = Debug|Any CPU
		{33333333-3333-3333-3333-333333333333}.Debug|x86.Build.0 = Debug|Any CPU
		{33333333-3333-3333-3333-333333333333}.Release|Any CPU.ActiveCfg = Release|Any CPU
		{33333333-3333-3333-3333-333333333333}.Release|Any CPU.Build.0 = Release|Any CPU
		{33333333-3333-3333-3333-333333333333}.Release|x64.ActiveCfg = Release|Any CPU
		{33333333-3333-3333-3333-333333333333}.Release|x64.Build.0 = Release|Any CPU
		{33333333-3333-3333-3333-333333333333}.Release|x86.ActiveCfg = Release|Any CPU
		{33333333-3333-3333-3333-333333333333}.Release|x86.Build.0 = Release|Any CPU
		{6C634932-3630-40A5-AA4A-68518D852177}.Debug|Any CPU.ActiveCfg = Debug|Any CPU
		{6C634932-3630-40A5-AA4A-68518D852177}.Debug|Any CPU.Build.0 = Debug|Any CPU
		{6C634932-3630-40A5-AA4A-68518D852177}.Debug|x64.ActiveCfg = Debug|Any CPU
		{6C634932-3630-40A5-AA4A-68518D852177}.Debug|x64.Build.0 = Debug|Any CPU
		{6C634932-3630-40A5-AA4A-68518D852177}.Debug|x86.ActiveCfg = Debug|Any CPU
		{6C634932-3630-40A5-AA4A-68518D852177}.Debug|x86.Build.0 = Debug|Any CPU
		{6C634932-3630-40A5-AA4A-68518D852177}.Release|Any CPU.ActiveCfg = Release|Any CPU
		{6C634932-3630-40A5-AA4A-68518D852177}.Release|Any CPU.Build.0 = Release|Any CPU
		{6C634932-3630-40A5-AA4A-68518D852177}.Release|x64.ActiveCfg = Release|Any CPU
		{6C634932-3630-40A5-AA4A-68518D852177}.Release|x64.Build.0 = Release|Any CPU
		{6C634932-3630-40A5-AA4A-68518D852177}.Release|x86.ActiveCfg = Release|Any CPU
		{6C634932-3630-40A5-AA4A-68518D852177}.Release|x86.Build.0 = Release|Any CPU
		{44444444-4444-4444-4444-444444444444}.Debug|Any CPU.ActiveCfg = Debug|Any CPU
		{44444444-4444-4444-4444-444444444444}.Debug|Any CPU.Build.0 = Debug|Any CPU
		{44444444-4444-4444-4444-444444444444}.Debug|x64.ActiveCfg = Debug|Any CPU
		{44444444-4444-4444-4444-444444444444}.Debug|x64.Build.0 = Debug|Any CPU
		{44444444-4444-4444-4444-444444444444}.Debug|x86.ActiveCfg = Debug|Any CPU
		{44444444-4444-4444-4444-444444444444}.Debug|x86.Build.0 = Debug|Any CPU
		{44444444-4444-4444-4444-444444444444}.Release|Any CPU.ActiveCfg = Release|Any CPU
		{44444444-4444-4444-4444-444444444444}.Release|Any CPU.Build.0 = Release|Any CPU
		{44444444-4444-4444-4444-444444444444}.Release|x64.ActiveCfg = Release|Any CPU
		{44444444-4444-4444-4444-444444444444}.Release|x64.Build.0 = Release|Any CPU
		{44444444-4444-4444-4444-444444444444}.Release|x86.ActiveCfg = Release|Any CPU
		{44444444-4444-4444-4444-444444444444}.Release|x86.Build.0 = Release|Any CPU
		{80B72645-E2D3-4701-8DD2-D011549685EC}.Debug|Any CPU.ActiveCfg = Debug|Any CPU
		{80B72645-E2D3-4701-8DD2-D011549685EC}.Debug|Any CPU.Build.0 = Debug|Any CPU
		{80B72645-E2D3-4701-8DD2-D011549685EC}.Debug|x64.ActiveCfg = Debug|Any CPU
		{80B72645-E2D3-4701-8DD2-D011549685EC}.Debug|x64.Build.0 = Debug|Any CPU
		{80B72645-E2D3-4701-8DD2-D011549685EC}.Debug|x86.ActiveCfg = Debug|Any CPU
		{80B72645-E2D3-4701-8DD2-D011549685EC}.Debug|x86.Build.0 = Debug|Any CPU
		{80B72645-E2D3-4701-8DD2-D011549685EC}.Release|Any CPU.ActiveCfg = Release|Any CPU
		{80B72645-E2D3-4701-8DD2-D011549685EC}.Release|Any CPU.Build.0 = Release|Any CPU
		{80B72645-E2D3-4701-8DD2-D011549685EC}.Release|x64.ActiveCfg = Release|Any CPU
		{80B72645-E2D3-4701-8DD2-D011549685EC}.Release|x64.Build.0 = Release|Any CPU
		{80B72645-E2D3-4701-8DD2-D011549685EC}.Release|x86.ActiveCfg = Release|Any CPU
		{80B72645-E2D3-4701-8DD2-D011549685EC}.Release|x86.Build.0 = Release|Any CPU
		{D85E1811-E38E-461B-B817-D445B9F4B11F}.Debug|Any CPU.ActiveCfg = Debug|Any CPU
		{D85E1811-E38E-461B-B817-D445B9F4B11F}.Debug|Any CPU.Build.0 = Debug|Any CPU
		{D85E1811-E38E-461B-B817-D445B9F4B11F}.Debug|x64.ActiveCfg = Debug|Any CPU
		{D85E1811-E38E-461B-B817-D445B9F4B11F}.Debug|x64.Build.0 = Debug|Any CPU
		{D85E1811-E38E-461B-B817-D445B9F4B11F}.Debug|x86.ActiveCfg = Debug|Any CPU
		{D85E1811-E38E-461B-B817-D445B9F4B11F}.Debug|x86.Build.0 = Debug|Any CPU
		{D85E1811-E38E-461B-B817-D445B9F4B11F}.Release|Any CPU.ActiveCfg = Release|Any CPU
		{D85E1811-E38E-461B-B817-D445B9F4B11F}.Release|Any CPU.Build.0 = Release|Any CPU
		{D85E1811-E38E-461B-B817-D445B9F4B11F}.Release|x64.ActiveCfg = Release|Any CPU
		{D85E1811-E38E-461B-B817-D445B9F4B11F}.Release|x64.Build.0 = Release|Any CPU
		{D85E1811-E38E-461B-B817-D445B9F4B11F}.Release|x86.ActiveCfg = Release|Any CPU
		{D85E1811-E38E-461B-B817-D445B9F4B11F}.Release|x86.Build.0 = Release|Any CPU
		{5BE6CC64-5276-4832-ADB1-AD0D334D26D1}.Debug|Any CPU.ActiveCfg = Debug|Any CPU
		{5BE6CC64-5276-4832-ADB1-AD0D334D26D1}.Debug|Any CPU.Build.0 = Debug|Any CPU
		{5BE6CC64-5276-4832-ADB1-AD0D334D26D1}.Debug|x64.ActiveCfg = Debug|Any CPU
		{5BE6CC64-5276-4832-ADB1-AD0D334D26D1}.Debug|x64.Build.0 = Debug|Any CPU
		{5BE6CC64-5276-4832-ADB1-AD0D334D26D1}.Debug|x86.ActiveCfg = Debug|Any CPU
		{5BE6CC64-5276-4832-ADB1-AD0D334D26D1}.Debug|x86.Build.0 = Debug|Any CPU
		{5BE6CC64-5276-4832-ADB1-AD0D334D26D1}.Release|Any CPU.ActiveCfg = Release|Any CPU
		{5BE6CC64-5276-4832-ADB1-AD0D334D26D1}.Release|Any CPU.Build.0 = Release|Any CPU
		{5BE6CC64-5276-4832-ADB1-AD0D334D26D1}.Release|x64.ActiveCfg = Release|Any CPU
		{5BE6CC64-5276-4832-ADB1-AD0D334D26D1}.Release|x64.Build.0 = Release|Any CPU
		{5BE6CC64-5276-4832-ADB1-AD0D334D26D1}.Release|x86.ActiveCfg = Release|Any CPU
		{5BE6CC64-5276-4832-ADB1-AD0D334D26D1}.Release|x86.Build.0 = Release|Any CPU
		{FE18583F-2A73-43C3-9EAF-94CA8292F5B8}.Debug|Any CPU.ActiveCfg = Debug|Any CPU
		{FE18583F-2A73-43C3-9EAF-94CA8292F5B8}.Debug|Any CPU.Build.0 = Debug|Any CPU
		{FE18583F-2A73-43C3-9EAF-94CA8292F5B8}.Debug|x64.ActiveCfg = Debug|Any CPU
		{FE18583F-2A73-43C3-9EAF-94CA8292F5B8}.Debug|x64.Build.0 = Debug|Any CPU
		{FE18583F-2A73-43C3-9EAF-94CA8292F5B8}.Debug|x86.ActiveCfg = Debug|Any CPU
		{FE18583F-2A73-43C3-9EAF-94CA8292F5B8}.Debug|x86.Build.0 = Debug|Any CPU
		{FE18583F-2A73-43C3-9EAF-94CA8292F5B8}.Release|Any CPU.ActiveCfg = Release|Any CPU
		{FE18583F-2A73-43C3-9EAF-94CA8292F5B8}.Release|Any CPU.Build.0 = Release|Any CPU
		{FE18583F-2A73-43C3-9EAF-94CA8292F5B8}.Release|x64.ActiveCfg = Release|Any CPU
		{FE18583F-2A73-43C3-9EAF-94CA8292F5B8}.Release|x64.Build.0 = Release|Any CPU
		{FE18583F-2A73-43C3-9EAF-94CA8292F5B8}.Release|x86.ActiveCfg = Release|Any CPU
		{FE18583F-2A73-43C3-9EAF-94CA8292F5B8}.Release|x86.Build.0 = Release|Any CPU
		{F483136B-5F73-44F1-8BA3-718B200B258A}.Debug|Any CPU.ActiveCfg = Debug|Any CPU
		{F483136B-5F73-44F1-8BA3-718B200B258A}.Debug|Any CPU.Build.0 = Debug|Any CPU
		{F483136B-5F73-44F1-8BA3-718B200B258A}.Debug|x64.ActiveCfg = Debug|Any CPU
		{F483136B-5F73-44F1-8BA3-718B200B258A}.Debug|x64.Build.0 = Debug|Any CPU
		{F483136B-5F73-44F1-8BA3-718B200B258A}.Debug|x86.ActiveCfg = Debug|Any CPU
		{F483136B-5F73-44F1-8BA3-718B200B258A}.Debug|x86.Build.0 = Debug|Any CPU
		{F483136B-5F73-44F1-8BA3-718B200B258A}.Release|Any CPU.ActiveCfg = Release|Any CPU
		{F483136B-5F73-44F1-8BA3-718B200B258A}.Release|Any CPU.Build.0 = Release|Any CPU
		{F483136B-5F73-44F1-8BA3-718B200B258A}.Release|x64.ActiveCfg = Release|Any CPU
		{F483136B-5F73-44F1-8BA3-718B200B258A}.Release|x64.Build.0 = Release|Any CPU
		{F483136B-5F73-44F1-8BA3-718B200B258A}.Release|x86.ActiveCfg = Release|Any CPU
		{F483136B-5F73-44F1-8BA3-718B200B258A}.Release|x86.Build.0 = Release|Any CPU
	EndGlobalSection
	GlobalSection(SolutionProperties) = preSolution
		HideSolutionNode = FALSE
	EndGlobalSection
	GlobalSection(NestedProjects) = preSolution
		{11111111-1111-1111-1111-111111111111} = {02EA681E-C7D8-13C7-8484-4AC65E1B71E8}
		{22222222-2222-2222-2222-222222222222} = {0AB3BF05-4346-4AA6-1389-037BE0695223}
		{33333333-3333-3333-3333-333333333333} = {EB5C44D7-E36D-429D-A6FA-7898FF08F6F4}
		{6C634932-3630-40A5-AA4A-68518D852177} = {0AB3BF05-4346-4AA6-1389-037BE0695223}
		{44444444-4444-4444-4444-444444444444} = {02EA681E-C7D8-13C7-8484-4AC65E1B71E8}
		{80B72645-E2D3-4701-8DD2-D011549685EC} = {0AB3BF05-4346-4AA6-1389-037BE0695223}
		{D85E1811-E38E-461B-B817-D445B9F4B11F} = {02EA681E-C7D8-13C7-8484-4AC65E1B71E8}
		{5BE6CC64-5276-4832-ADB1-AD0D334D26D1} = {02EA681E-C7D8-13C7-8484-4AC65E1B71E8}
		{FE18583F-2A73-43C3-9EAF-94CA8292F5B8} = {760AB15A-8938-8D9B-BEDE-5CE1484B84C3}
		{F483136B-5F73-44F1-8BA3-718B200B258A} = {760AB15A-8938-8D9B-BEDE-5CE1484B84C3}
	EndGlobalSection
	GlobalSection(ExtensibilityGlobals) = postSolution
		SolutionGuid = {B433EB21-BD3B-4E85-9645-38C1E8BDC563}
	EndGlobalSection
EndGlobal
