Microsoft Visual Studio Solution File, Format Version 12.00
# Visual Studio Version 17
VisualStudioVersion = 17.0.31903.59
MinimumVisualStudioVersion = 10.0.40219.1
Project("{9A19103F-16F7-4668-BE54-9A1E7A4F7556}") = "EFCore.Sqlite", "EFCore.Sqlite\EFCore.Sqlite.csproj", "{32D2847B-FBCA-46A3-AC89-95BBE0081607}"
EndProject
Project("{9A19103F-16F7-4668-BE54-9A1E7A4F7556}") = "Ado.Sqlite", "Ado.Sqlite\Ado.Sqlite.csproj", "{17F5B486-A115-428F-92D3-5F57AFA585AA}"
EndProject
Global
	GlobalSection(SolutionConfigurationPlatforms) = preSolution
		Debug|Any CPU = Debug|Any CPU
		Release|Any CPU = Release|Any CPU
	EndGlobalSection
	GlobalSection(ProjectConfigurationPlatforms) = postSolution
		{32D2847B-FBCA-46A3-AC89-95BBE0081607}.Debug|Any CPU.ActiveCfg = Debug|Any CPU
		{32D2847B-FBCA-46A3-AC89-95BBE0081607}.Debug|Any CPU.Build.0 = Debug|Any CPU
		{32D2847B-FBCA-46A3-AC89-95BBE0081607}.Release|Any CPU.ActiveCfg = Release|Any CPU
		{32D2847B-FBCA-46A3-AC89-95BBE0081607}.Release|Any CPU.Build.0 = Release|Any CPU
		{17F5B486-A115-428F-92D3-5F57AFA585AA}.Debug|Any CPU.ActiveCfg = Debug|Any CPU
		{17F5B486-A115-428F-92D3-5F57AFA585AA}.Debug|Any CPU.Build.0 = Debug|Any CPU
		{17F5B486-A115-428F-92D3-5F57AFA585AA}.Release|Any CPU.ActiveCfg = Release|Any CPU
		{17F5B486-A115-428F-92D3-5F57AFA585AA}.Release|Any CPU.Build.0 = Release|Any CPU
	EndGlobalSection
	GlobalSection(SolutionProperties) = preSolution
		HideSolutionNode = FALSE
	EndGlobalSection
	GlobalSection(ExtensibilityGlobals) = postSolution
		SolutionGuid = {F0B9C444-1111-4A44-9222-222222222222}
	EndGlobalSection
EndGlobal
